
Microsoft Visual Studio Solution File, Format Version 12.00
# Visual Studio Version 17
VisualStudioVersion = 17.8.34330.188
MinimumVisualStudioVersion = 10.0.40219.1
Project("{2150E333-8FDC-42A3-9474-1A3956D46DE8}") = "Docs", "Docs", "{2D5CFF5F-B249-49F2-BDE6-54B30084F783}"
	ProjectSection(SolutionItems) = preProject
		Docs\MyData - Description.txt = Docs\MyData - Description.txt
		Docs\myData Analytiki Perigrafi Leitoyrgias v0.6.20022020.pdf = Docs\myData Analytiki Perigrafi Leitoyrgias v0.6.20022020.pdf
		Docs\myDATA Epixeirisiaki Analysi Parastatikwn - v.0.6.20022020.pdf = Docs\myDATA Epixeirisiaki Analysi Parastatikwn - v.0.6.20022020.pdf
		Docs\myDATA_1-8-2019_0.pdf = Docs\myDATA_1-8-2019_0.pdf
		ReadMe.md = ReadMe.md
	EndProjectSection
EndProject
Project("{9A19103F-16F7-4668-BE54-9A1E7A4F7556}") = "MyData.ApiLib.1.0.8", "MyData.ApiLib.1.0.8\MyData.ApiLib.1.0.8.csproj", "{B49DD27E-0157-4470-8E7D-A1D3E77CFEA2}"
EndProject
Global
	GlobalSection(SolutionConfigurationPlatforms) = preSolution
		Debug|Any CPU = Debug|Any CPU
		Release|Any CPU = Release|Any CPU
	EndGlobalSection
	GlobalSection(ProjectConfigurationPlatforms) = postSolution
		{B49DD27E-0157-4470-8E7D-A1D3E77CFEA2}.Debug|Any CPU.ActiveCfg = Debug|Any CPU
		{B49DD27E-0157-4470-8E7D-A1D3E77CFEA2}.Debug|Any CPU.Build.0 = Debug|Any CPU
		{B49DD27E-0157-4470-8E7D-A1D3E77CFEA2}.Release|Any CPU.ActiveCfg = Release|Any CPU
		{B49DD27E-0157-4470-8E7D-A1D3E77CFEA2}.Release|Any CPU.Build.0 = Release|Any CPU
	EndGlobalSection
	GlobalSection(SolutionProperties) = preSolution
		HideSolutionNode = FALSE
	EndGlobalSection
	GlobalSection(ExtensibilityGlobals) = postSolution
		SolutionGuid = {5A005BAE-F4A1-4350-916D-90235884F9AF}
	EndGlobalSection
EndGlobal
