
Microsoft Visual Studio Solution File, Format Version 12.00
# Visual Studio Version 17
VisualStudioVersion = 17.8.34330.188
MinimumVisualStudioVersion = 10.0.40219.1
Project("{2150E333-8FDC-42A3-9474-1A3956D46DE8}") = "Docs", "Docs", "{2D5CFF5F-B249-49F2-BDE6-54B30084F783}"
	ProjectSection(SolutionItems) = preProject
		Docs\MyData - Description.txt = Docs\MyData - Description.txt
		Docs\myData Analytiki Perigrafi Leitoyrgias v0.6.20022020.pdf = Docs\myData Analytiki Perigrafi Leitoyrgias v0.6.20022020.pdf
		Docs\myDATA Epixeirisiaki Analysi Parastatikwn - v.0.6.20022020.pdf = Docs\myDATA Epixeirisiaki Analysi Parastatikwn - v.0.6.20022020.pdf
		Docs\myDATA_1-8-2019_0.pdf = Docs\myDATA_1-8-2019_0.pdf
	EndProjectSection
EndProject
Project("{2150E333-8FDC-42A3-9474-1A3956D46DE8}") = "XSD_EXE 1.0.8", "XSD_EXE 1.0.8", "{3CC31A52-BD6A-4058-A16E-7A8AD4E0A395}"
	ProjectSection(SolutionItems) = preProject
		Docs\XSD_EXE 1.0.8\expensesClassification-v1_0_8.cs = Docs\XSD_EXE 1.0.8\expensesClassification-v1_0_8.cs
		Docs\XSD_EXE 1.0.8\incomeClassification-v1_0_8.cs = Docs\XSD_EXE 1.0.8\incomeClassification-v1_0_8.cs
		Docs\XSD_EXE 1.0.8\InvoicesDoc-v1_0_8_incomeClassification-v1_0_8_expensesClassification-v1_0_8.cs = Docs\XSD_EXE 1.0.8\InvoicesDoc-v1_0_8_incomeClassification-v1_0_8_expensesClassification-v1_0_8.cs
		Docs\XSD_EXE 1.0.8\paymentMethods-v1_0_8_InvoicesDoc-v1_0_8_incomeClassification-v1_0_8_expensesClassification-v1_0_8.cs = Docs\XSD_EXE 1.0.8\paymentMethods-v1_0_8_InvoicesDoc-v1_0_8_incomeClassification-v1_0_8_expensesClassification-v1_0_8.cs
		Docs\XSD_EXE 1.0.8\requestedInvoicesDoc-v1_0_8_incomeClassification-v1_0_8_expensesClassification-v1_0_8_paymentMethods-v1_0_8_InvoicesDoc-v1_0_8.cs = Docs\XSD_EXE 1.0.8\requestedInvoicesDoc-v1_0_8_incomeClassification-v1_0_8_expensesClassification-v1_0_8_paymentMethods-v1_0_8_InvoicesDoc-v1_0_8.cs
		Docs\XSD_EXE 1.0.8\RequestedProviderDoc-v1_0_8.cs = Docs\XSD_EXE 1.0.8\RequestedProviderDoc-v1_0_8.cs
		Docs\XSD_EXE 1.0.8\response-v1_0_8.cs = Docs\XSD_EXE 1.0.8\response-v1_0_8.cs
	EndProjectSection
EndProject
Project("{FAE04EC0-301F-11D3-BF4B-00C04F79EFBC}") = "MyData.ApiLib.1.0.8", "MyData.ApiLib.1.0.8\MyData.ApiLib.1.0.8.csproj", "{B49DD27E-0157-4470-8E7D-A1D3E77CFEA2}"
EndProject
Global
	GlobalSection(SolutionConfigurationPlatforms) = preSolution
		Debug|Any CPU = Debug|Any CPU
		Release|Any CPU = Release|Any CPU
	EndGlobalSection
	GlobalSection(ProjectConfigurationPlatforms) = postSolution
		{B49DD27E-0157-4470-8E7D-A1D3E77CFEA2}.Debug|Any CPU.ActiveCfg = Debug|Any CPU
		{B49DD27E-0157-4470-8E7D-A1D3E77CFEA2}.Debug|Any CPU.Build.0 = Debug|Any CPU
		{B49DD27E-0157-4470-8E7D-A1D3E77CFEA2}.Release|Any CPU.ActiveCfg = Release|Any CPU
		{B49DD27E-0157-4470-8E7D-A1D3E77CFEA2}.Release|Any CPU.Build.0 = Release|Any CPU
	EndGlobalSection
	GlobalSection(SolutionProperties) = preSolution
		HideSolutionNode = FALSE
	EndGlobalSection
	GlobalSection(NestedProjects) = preSolution
		{3CC31A52-BD6A-4058-A16E-7A8AD4E0A395} = {2D5CFF5F-B249-49F2-BDE6-54B30084F783}
	EndGlobalSection
	GlobalSection(ExtensibilityGlobals) = postSolution
		SolutionGuid = {5A005BAE-F4A1-4350-916D-90235884F9AF}
	EndGlobalSection
EndGlobal
