
Microsoft Visual Studio Solution File, Format Version 12.00
# Visual Studio Version 17
VisualStudioVersion = 17.8.34330.188
MinimumVisualStudioVersion = 10.0.40219.1
Project("{2150E333-8FDC-42A3-9474-1A3956D46DE8}") = "Docs", "Docs", "{2D5CFF5F-B249-49F2-BDE6-54B30084F783}"
	ProjectSection(SolutionItems) = preProject
		Docs\myDATA API Documentation v1.0.8_preofficial_erp_1.pdf = Docs\myDATA API Documentation v1.0.8_preofficial_erp_1.pdf
		Docs\syndiasmoi_xaraktirismwn_v1.0.8_0.xlsx = Docs\syndiasmoi_xaraktirismwn_v1.0.8_0.xlsx
		Docs\XSD to CS.txt = Docs\XSD to CS.txt
	EndProjectSection
EndProject
Project("{2150E333-8FDC-42A3-9474-1A3956D46DE8}") = "XSD 1.8", "XSD 1.8", "{63074F26-A391-456C-BBE4-9F389E8DA346}"
	ProjectSection(SolutionItems) = preProject
		Docs\XSD 1.8\expensesClassification-v1.0.8.xsd = Docs\XSD 1.8\expensesClassification-v1.0.8.xsd
		Docs\XSD 1.8\incomeClassification-v1.0.8.xsd = Docs\XSD 1.8\incomeClassification-v1.0.8.xsd
		Docs\XSD 1.8\InvoicesDoc-v1.0.8.xsd = Docs\XSD 1.8\InvoicesDoc-v1.0.8.xsd
		Docs\XSD 1.8\paymentMethods-v1.0.8.xsd = Docs\XSD 1.8\paymentMethods-v1.0.8.xsd
		Docs\XSD 1.8\requestedInvoicesDoc-v1.0.8.xsd = Docs\XSD 1.8\requestedInvoicesDoc-v1.0.8.xsd
		Docs\XSD 1.8\RequestedProviderDoc-v1.0.8.xsd = Docs\XSD 1.8\RequestedProviderDoc-v1.0.8.xsd
		Docs\XSD 1.8\response-v1.0.8.xsd = Docs\XSD 1.8\response-v1.0.8.xsd
	EndProjectSection
EndProject
Project("{2150E333-8FDC-42A3-9474-1A3956D46DE8}") = "XSD_EXE", "XSD_EXE", "{6C53A9A5-C253-486F-83EC-A75BFB1F96A7}"
	ProjectSection(SolutionItems) = preProject
		Docs\XSD_EXE\expensesClassification-v1_0_8.cs = Docs\XSD_EXE\expensesClassification-v1_0_8.cs
		Docs\XSD_EXE\incomeClassification-v1_0_8.cs = Docs\XSD_EXE\incomeClassification-v1_0_8.cs
		Docs\XSD_EXE\InvoicesDoc-v1_0_8_incomeClassification-v1_0_8_expensesClassification-v1_0_8.cs = Docs\XSD_EXE\InvoicesDoc-v1_0_8_incomeClassification-v1_0_8_expensesClassification-v1_0_8.cs
		Docs\XSD_EXE\paymentMethods-v1_0_8_InvoicesDoc-v1_0_8_incomeClassification-v1_0_8_expensesClassification-v1_0_8.cs = Docs\XSD_EXE\paymentMethods-v1_0_8_InvoicesDoc-v1_0_8_incomeClassification-v1_0_8_expensesClassification-v1_0_8.cs
		Docs\XSD_EXE\requestedInvoicesDoc-v1_0_8_incomeClassification-v1_0_8_expensesClassification-v1_0_8_paymentMethods-v1_0_8_InvoicesDoc-v1_0_8.cs = Docs\XSD_EXE\requestedInvoicesDoc-v1_0_8_incomeClassification-v1_0_8_expensesClassification-v1_0_8_paymentMethods-v1_0_8_InvoicesDoc-v1_0_8.cs
		Docs\XSD_EXE\RequestedProviderDoc-v1_0_8.cs = Docs\XSD_EXE\RequestedProviderDoc-v1_0_8.cs
		Docs\XSD_EXE\response-v1_0_8.cs = Docs\XSD_EXE\response-v1_0_8.cs
	EndProjectSection
EndProject
Project("{9A19103F-16F7-4668-BE54-9A1E7A4F7556}") = "AxMyData_Test", "AxMyData_Test\AxMyData_Test.csproj", "{7F5FFC7E-5F8A-4FB2-B7B5-34A4BEFEDC2C}"
EndProject
Project("{9A19103F-16F7-4668-BE54-9A1E7A4F7556}") = "AxMyData", "AxMyData\AxMyData.csproj", "{C44A6004-770D-4A0E-AACB-8FA946340122}"
EndProject
Project("{9A19103F-16F7-4668-BE54-9A1E7A4F7556}") = "AxMyData.Lib", "AxMyData.Lib\AxMyData.Lib.csproj", "{EE39E7FF-30C6-4045-905B-6C8036A3077F}"
EndProject
Project("{2150E333-8FDC-42A3-9474-1A3956D46DE8}") = "XSD2CODE_EXE", "XSD2CODE_EXE", "{C79850AB-049F-4E3A-81F7-874B5DDF0F3A}"
	ProjectSection(SolutionItems) = preProject
		Docs\XSD2CODE_EXE\expensesClassification-v1.0.8.designer.cs = Docs\XSD2CODE_EXE\expensesClassification-v1.0.8.designer.cs
		Docs\XSD2CODE_EXE\incomeClassification-v1.0.8.designer.cs = Docs\XSD2CODE_EXE\incomeClassification-v1.0.8.designer.cs
		Docs\XSD2CODE_EXE\InvoicesDoc-v1.0.8.designer.cs = Docs\XSD2CODE_EXE\InvoicesDoc-v1.0.8.designer.cs
		Docs\XSD2CODE_EXE\paymentMethods-v1.0.8.designer.cs = Docs\XSD2CODE_EXE\paymentMethods-v1.0.8.designer.cs
		Docs\XSD2CODE_EXE\requestedInvoicesDoc-v1.0.8.designer.cs = Docs\XSD2CODE_EXE\requestedInvoicesDoc-v1.0.8.designer.cs
		Docs\XSD2CODE_EXE\RequestedProviderDoc-v1.0.8.designer.cs = Docs\XSD2CODE_EXE\RequestedProviderDoc-v1.0.8.designer.cs
		Docs\XSD2CODE_EXE\response-v1.0.8.designer.cs = Docs\XSD2CODE_EXE\response-v1.0.8.designer.cs
	EndProjectSection
EndProject
Project("{FAE04EC0-301F-11D3-BF4B-00C04F79EFBC}") = "MyDataXsd_1_0_8", "MyDataXsd_1_0_8\MyDataXsd_1_0_8.csproj", "{3A6DE99A-D298-49AF-ACA1-4E0FA6644D29}"
EndProject
Global
	GlobalSection(SolutionConfigurationPlatforms) = preSolution
		Debug|Any CPU = Debug|Any CPU
		Release|Any CPU = Release|Any CPU
	EndGlobalSection
	GlobalSection(ProjectConfigurationPlatforms) = postSolution
		{7F5FFC7E-5F8A-4FB2-B7B5-34A4BEFEDC2C}.Debug|Any CPU.ActiveCfg = Debug|Any CPU
		{7F5FFC7E-5F8A-4FB2-B7B5-34A4BEFEDC2C}.Debug|Any CPU.Build.0 = Debug|Any CPU
		{7F5FFC7E-5F8A-4FB2-B7B5-34A4BEFEDC2C}.Release|Any CPU.ActiveCfg = Release|Any CPU
		{7F5FFC7E-5F8A-4FB2-B7B5-34A4BEFEDC2C}.Release|Any CPU.Build.0 = Release|Any CPU
		{C44A6004-770D-4A0E-AACB-8FA946340122}.Debug|Any CPU.ActiveCfg = Debug|Any CPU
		{C44A6004-770D-4A0E-AACB-8FA946340122}.Debug|Any CPU.Build.0 = Debug|Any CPU
		{C44A6004-770D-4A0E-AACB-8FA946340122}.Release|Any CPU.ActiveCfg = Release|Any CPU
		{C44A6004-770D-4A0E-AACB-8FA946340122}.Release|Any CPU.Build.0 = Release|Any CPU
		{EE39E7FF-30C6-4045-905B-6C8036A3077F}.Debug|Any CPU.ActiveCfg = Debug|Any CPU
		{EE39E7FF-30C6-4045-905B-6C8036A3077F}.Debug|Any CPU.Build.0 = Debug|Any CPU
		{EE39E7FF-30C6-4045-905B-6C8036A3077F}.Release|Any CPU.ActiveCfg = Release|Any CPU
		{EE39E7FF-30C6-4045-905B-6C8036A3077F}.Release|Any CPU.Build.0 = Release|Any CPU
		{3A6DE99A-D298-49AF-ACA1-4E0FA6644D29}.Debug|Any CPU.ActiveCfg = Debug|Any CPU
		{3A6DE99A-D298-49AF-ACA1-4E0FA6644D29}.Debug|Any CPU.Build.0 = Debug|Any CPU
		{3A6DE99A-D298-49AF-ACA1-4E0FA6644D29}.Release|Any CPU.ActiveCfg = Release|Any CPU
		{3A6DE99A-D298-49AF-ACA1-4E0FA6644D29}.Release|Any CPU.Build.0 = Release|Any CPU
	EndGlobalSection
	GlobalSection(SolutionProperties) = preSolution
		HideSolutionNode = FALSE
	EndGlobalSection
	GlobalSection(NestedProjects) = preSolution
		{63074F26-A391-456C-BBE4-9F389E8DA346} = {2D5CFF5F-B249-49F2-BDE6-54B30084F783}
		{6C53A9A5-C253-486F-83EC-A75BFB1F96A7} = {2D5CFF5F-B249-49F2-BDE6-54B30084F783}
		{C79850AB-049F-4E3A-81F7-874B5DDF0F3A} = {2D5CFF5F-B249-49F2-BDE6-54B30084F783}
	EndGlobalSection
	GlobalSection(ExtensibilityGlobals) = postSolution
		SolutionGuid = {5A005BAE-F4A1-4350-916D-90235884F9AF}
	EndGlobalSection
EndGlobal
